// !$*UTF8*$!
{
	archiveVersion = 1;
	classes = {
	};
	objectVersion = 46;
	objects = {

/* Begin PBXBuildFile section */
		9C9BE6BA19F93B38009EEDFA /* AppDelegate.swift in Sources */ = {isa = PBXBuildFile; fileRef = 9C9BE6B919F93B38009EEDFA /* AppDelegate.swift */; };
		9C9BE6BC19F93B38009EEDFA /* ViewController.swift in Sources */ = {isa = PBXBuildFile; fileRef = 9C9BE6BB19F93B38009EEDFA /* ViewController.swift */; };
		9C9BE6BF19F93B38009EEDFA /* Main.storyboard in Resources */ = {isa = PBXBuildFile; fileRef = 9C9BE6BD19F93B38009EEDFA /* Main.storyboard */; };
		9C9BE6C119F93B38009EEDFA /* Images.xcassets in Resources */ = {isa = PBXBuildFile; fileRef = 9C9BE6C019F93B38009EEDFA /* Images.xcassets */; };
		9C9BE6C419F93B38009EEDFA /* LaunchScreen.xib in Resources */ = {isa = PBXBuildFile; fileRef = 9C9BE6C219F93B38009EEDFA /* LaunchScreen.xib */; };
		9C9BE6D019F93B38009EEDFA /* kiraSewaRumahTests.swift in Sources */ = {isa = PBXBuildFile; fileRef = 9C9BE6CF19F93B38009EEDFA /* kiraSewaRumahTests.swift */; };
/* End PBXBuildFile section */

/* Begin PBXContainerItemProxy section */
		9C9BE6CA19F93B38009EEDFA /* PBXContainerItemProxy */ = {
			isa = PBXContainerItemProxy;
			containerPortal = 9C9BE6AC19F93B38009EEDFA /* Project object */;
			proxyType = 1;
			remoteGlobalIDString = 9C9BE6B319F93B38009EEDFA;
			remoteInfo = kiraSewaRumah;
		};
/* End PBXContainerItemProxy section */

/* Begin PBXFileReference section */
		9C9BE6B419F93B38009EEDFA /* kiraSewaRumah.app */ = {isa = PBXFileReference; explicitFileType = wrapper.application; includeInIndex = 0; path = kiraSewaRumah.app; sourceTree = BUILT_PRODUCTS_DIR; };
		9C9BE6B819F93B38009EEDFA /* Info.plist */ = {isa = PBXFileReference; lastKnownFileType = text.plist.xml; path = Info.plist; sourceTree = "<group>"; };
		9C9BE6B919F93B38009EEDFA /* AppDelegate.swift */ = {isa = PBXFileReference; lastKnownFileType = sourcecode.swift; path = AppDelegate.swift; sourceTree = "<group>"; };
		9C9BE6BB19F93B38009EEDFA /* ViewController.swift */ = {isa = PBXFileReference; lastKnownFileType = sourcecode.swift; path = ViewController.swift; sourceTree = "<group>"; };
		9C9BE6BE19F93B38009EEDFA /* Base */ = {isa = PBXFileReference; lastKnownFileType = file.storyboard; name = Base; path = Base.lproj/Main.storyboard; sourceTree = "<group>"; };
		9C9BE6C019F93B38009EEDFA /* Images.xcassets */ = {isa = PBXFileReference; lastKnownFileType = folder.assetcatalog; path = Images.xcassets; sourceTree = "<group>"; };
		9C9BE6C319F93B38009EEDFA /* Base */ = {isa = PBXFileReference; lastKnownFileType = file.xib; name = Base; path = Base.lproj/LaunchScreen.xib; sourceTree = "<group>"; };
		9C9BE6C919F93B38009EEDFA /* kiraSewaRumahTests.xctest */ = {isa = PBXFileReference; explicitFileType = wrapper.cfbundle; includeInIndex = 0; path = kiraSewaRumahTests.xctest; sourceTree = BUILT_PRODUCTS_DIR; };
		9C9BE6CE19F93B38009EEDFA /* Info.plist */ = {isa = PBXFileReference; lastKnownFileType = text.plist.xml; path = Info.plist; sourceTree = "<group>"; };
		9C9BE6CF19F93B38009EEDFA /* kiraSewaRumahTests.swift */ = {isa = PBXFileReference; lastKnownFileType = sourcecode.swift; path = kiraSewaRumahTests.swift; sourceTree = "<group>"; };
/* End PBXFileReference section */

/* Begin PBXFrameworksBuildPhase section */
		9C9BE6B119F93B38009EEDFA /* Frameworks */ = {
			isa = PBXFrameworksBuildPhase;
			buildActionMask = 2147483647;
			files = (
			);
			runOnlyForDeploymentPostprocessing = 0;
		};
		9C9BE6C619F93B38009EEDFA /* Frameworks */ = {
			isa = PBXFrameworksBuildPhase;
			buildActionMask = 2147483647;
			files = (
			);
			runOnlyForDeploymentPostprocessing = 0;
		};
/* End PBXFrameworksBuildPhase section */

/* Begin PBXGroup section */
		9C9BE6AB19F93B38009EEDFA = {
			isa = PBXGroup;
			children = (
				9C9BE6B619F93B38009EEDFA /* kiraSewaRumah */,
				9C9BE6CC19F93B38009EEDFA /* kiraSewaRumahTests */,
				9C9BE6B519F93B38009EEDFA /* Products */,
			);
			sourceTree = "<group>";
		};
		9C9BE6B519F93B38009EEDFA /* Products */ = {
			isa = PBXGroup;
			children = (
				9C9BE6B419F93B38009EEDFA /* kiraSewaRumah.app */,
				9C9BE6C919F93B38009EEDFA /* kiraSewaRumahTests.xctest */,
			);
			name = Products;
			sourceTree = "<group>";
		};
		9C9BE6B619F93B38009EEDFA /* kiraSewaRumah */ = {
			isa = PBXGroup;
			children = (
				9C9BE6B919F93B38009EEDFA /* AppDelegate.swift */,
				9C9BE6BB19F93B38009EEDFA /* ViewController.swift */,
				9C9BE6BD19F93B38009EEDFA /* Main.storyboard */,
				9C9BE6C019F93B38009EEDFA /* Images.xcassets */,
				9C9BE6C219F93B38009EEDFA /* LaunchScreen.xib */,
				9C9BE6B719F93B38009EEDFA /* Supporting Files */,
			);
			path = kiraSewaRumah;
			sourceTree = "<group>";
		};
		9C9BE6B719F93B38009EEDFA /* Supporting Files */ = {
			isa = PBXGroup;
			children = (
				9C9BE6B819F93B38009EEDFA /* Info.plist */,
			);
			name = "Supporting Files";
			sourceTree = "<group>";
		};
		9C9BE6CC19F93B38009EEDFA /* kiraSewaRumahTests */ = {
			isa = PBXGroup;
			children = (
				9C9BE6CF19F93B38009EEDFA /* kiraSewaRumahTests.swift */,
				9C9BE6CD19F93B38009EEDFA /* Supporting Files */,
			);
			path = kiraSewaRumahTests;
			sourceTree = "<group>";
		};
		9C9BE6CD19F93B38009EEDFA /* Supporting Files */ = {
			isa = PBXGroup;
			children = (
				9C9BE6CE19F93B38009EEDFA /* Info.plist */,
			);
			name = "Supporting Files";
			sourceTree = "<group>";
		};
/* End PBXGroup section */

/* Begin PBXNativeTarget section */
		9C9BE6B319F93B38009EEDFA /* kiraSewaRumah */ = {
			isa = PBXNativeTarget;
			buildConfigurationList = 9C9BE6D319F93B38009EEDFA /* Build configuration list for PBXNativeTarget "kiraSewaRumah" */;
			buildPhases = (
				9C9BE6B019F93B38009EEDFA /* Sources */,
				9C9BE6B119F93B38009EEDFA /* Frameworks */,
				9C9BE6B219F93B38009EEDFA /* Resources */,
			);
			buildRules = (
			);
			dependencies = (
			);
			name = kiraSewaRumah;
			productName = kiraSewaRumah;
			productReference = 9C9BE6B419F93B38009EEDFA /* kiraSewaRumah.app */;
			productType = "com.apple.product-type.application";
		};
		9C9BE6C819F93B38009EEDFA /* kiraSewaRumahTests */ = {
			isa = PBXNativeTarget;
			buildConfigurationList = 9C9BE6D619F93B38009EEDFA /* Build configuration list for PBXNativeTarget "kiraSewaRumahTests" */;
			buildPhases = (
				9C9BE6C519F93B38009EEDFA /* Sources */,
				9C9BE6C619F93B38009EEDFA /* Frameworks */,
				9C9BE6C719F93B38009EEDFA /* Resources */,
			);
			buildRules = (
			);
			dependencies = (
				9C9BE6CB19F93B38009EEDFA /* PBXTargetDependency */,
			);
			name = kiraSewaRumahTests;
			productName = kiraSewaRumahTests;
			productReference = 9C9BE6C919F93B38009EEDFA /* kiraSewaRumahTests.xctest */;
			productType = "com.apple.product-type.bundle.unit-test";
		};
/* End PBXNativeTarget section */

/* Begin PBXProject section */
		9C9BE6AC19F93B38009EEDFA /* Project object */ = {
			isa = PBXProject;
			attributes = {
				LastUpgradeCheck = 0610;
				ORGANIZATIONNAME = EndQueue;
				TargetAttributes = {
					9C9BE6B319F93B38009EEDFA = {
						CreatedOnToolsVersion = 6.1;
					};
					9C9BE6C819F93B38009EEDFA = {
						CreatedOnToolsVersion = 6.1;
						TestTargetID = 9C9BE6B319F93B38009EEDFA;
					};
				};
			};
			buildConfigurationList = 9C9BE6AF19F93B38009EEDFA /* Build configuration list for PBXProject "kiraSewaRumah" */;
			compatibilityVersion = "Xcode 3.2";
			developmentRegion = English;
			hasScannedForEncodings = 0;
			knownRegions = (
				en,
				Base,
			);
			mainGroup = 9C9BE6AB19F93B38009EEDFA;
			productRefGroup = 9C9BE6B519F93B38009EEDFA /* Products */;
			projectDirPath = "";
			projectRoot = "";
			targets = (
				9C9BE6B319F93B38009EEDFA /* kiraSewaRumah */,
				9C9BE6C819F93B38009EEDFA /* kiraSewaRumahTests */,
			);
		};
/* End PBXProject section */

/* Begin PBXResourcesBuildPhase section */
		9C9BE6B219F93B38009EEDFA /* Resources */ = {
			isa = PBXResourcesBuildPhase;
			buildActionMask = 2147483647;
			files = (
				9C9BE6BF19F93B38009EEDFA /* Main.storyboard in Resources */,
				9C9BE6C419F93B38009EEDFA /* LaunchScreen.xib in Resources */,
				9C9BE6C119F93B38009EEDFA /* Images.xcassets in Resources */,
			);
			runOnlyForDeploymentPostprocessing = 0;
		};
		9C9BE6C719F93B38009EEDFA /* Resources */ = {
			isa = PBXResourcesBuildPhase;
			buildActionMask = 2147483647;
			files = (
			);
			runOnlyForDeploymentPostprocessing = 0;
		};
/* End PBXResourcesBuildPhase section */

/* Begin PBXSourcesBuildPhase section */
		9C9BE6B019F93B38009EEDFA /* Sources */ = {
			isa = PBXSourcesBuildPhase;
			buildActionMask = 2147483647;
			files = (
				9C9BE6BC19F93B38009EEDFA /* ViewController.swift in Sources */,
				9C9BE6BA19F93B38009EEDFA /* AppDelegate.swift in Sources */,
			);
			runOnlyForDeploymentPostprocessing = 0;
		};
		9C9BE6C519F93B38009EEDFA /* Sources */ = {
			isa = PBXSourcesBuildPhase;
			buildActionMask = 2147483647;
			files = (
				9C9BE6D019F93B38009EEDFA /* kiraSewaRumahTests.swift in Sources */,
			);
			runOnlyForDeploymentPostprocessing = 0;
		};
/* End PBXSourcesBuildPhase section */

/* Begin PBXTargetDependency section */
		9C9BE6CB19F93B38009EEDFA /* PBXTargetDependency */ = {
			isa = PBXTargetDependency;
			target = 9C9BE6B319F93B38009EEDFA /* kiraSewaRumah */;
			targetProxy = 9C9BE6CA19F93B38009EEDFA /* PBXContainerItemProxy */;
		};
/* End PBXTargetDependency section */

/* Begin PBXVariantGroup section */
		9C9BE6BD19F93B38009EEDFA /* Main.storyboard */ = {
			isa = PBXVariantGroup;
			children = (
				9C9BE6BE19F93B38009EEDFA /* Base */,
			);
			name = Main.storyboard;
			sourceTree = "<group>";
		};
		9C9BE6C219F93B38009EEDFA /* LaunchScreen.xib */ = {
			isa = PBXVariantGroup;
			children = (
				9C9BE6C319F93B38009EEDFA /* Base */,
			);
			name = LaunchScreen.xib;
			sourceTree = "<group>";
		};
/* End PBXVariantGroup section */

/* Begin XCBuildConfiguration section */
		9C9BE6D119F93B38009EEDFA /* Debug */ = {
			isa = XCBuildConfiguration;
			buildSettings = {
				ALWAYS_SEARCH_USER_PATHS = NO;
				CLANG_CXX_LANGUAGE_STANDARD = "gnu++0x";
				CLANG_CXX_LIBRARY = "libc++";
				CLANG_ENABLE_MODULES = YES;
				CLANG_ENABLE_OBJC_ARC = YES;
				CLANG_WARN_BOOL_CONVERSION = YES;
				CLANG_WARN_CONSTANT_CONVERSION = YES;
				CLANG_WARN_DIRECT_OBJC_ISA_USAGE = YES_ERROR;
				CLANG_WARN_EMPTY_BODY = YES;
				CLANG_WARN_ENUM_CONVERSION = YES;
				CLANG_WARN_INT_CONVERSION = YES;
				CLANG_WARN_OBJC_ROOT_CLASS = YES_ERROR;
				CLANG_WARN_UNREACHABLE_CODE = YES;
				CLANG_WARN__DUPLICATE_METHOD_MATCH = YES;
				"CODE_SIGN_IDENTITY[sdk=iphoneos*]" = "iPhone Developer";
				COPY_PHASE_STRIP = NO;
				ENABLE_STRICT_OBJC_MSGSEND = YES;
				GCC_C_LANGUAGE_STANDARD = gnu99;
				GCC_DYNAMIC_NO_PIC = NO;
				GCC_OPTIMIZATION_LEVEL = 0;
				GCC_PREPROCESSOR_DEFINITIONS = (
					"DEBUG=1",
					"$(inherited)",
				);
				GCC_SYMBOLS_PRIVATE_EXTERN = NO;
				GCC_WARN_64_TO_32_BIT_CONVERSION = YES;
				GCC_WARN_ABOUT_RETURN_TYPE = YES_ERROR;
				GCC_WARN_UNDECLARED_SELECTOR = YES;
				GCC_WARN_UNINITIALIZED_AUTOS = YES_AGGRESSIVE;
				GCC_WARN_UNUSED_FUNCTION = YES;
				GCC_WARN_UNUSED_VARIABLE = YES;
				IPHONEOS_DEPLOYMENT_TARGET = 8.1;
				MTL_ENABLE_DEBUG_INFO = YES;
				ONLY_ACTIVE_ARCH = YES;
				SDKROOT = iphoneos;
				SWIFT_OPTIMIZATION_LEVEL = "-Onone";
			};
			name = Debug;
		};
		9C9BE6D219F93B38009EEDFA /* Release */ = {
			isa = XCBuildConfiguration;
			buildSettings = {
				ALWAYS_SEARCH_USER_PATHS = NO;
				CLANG_CXX_LANGUAGE_STANDARD = "gnu++0x";
				CLANG_CXX_LIBRARY = "libc++";
				CLANG_ENABLE_MODULES = YES;
				CLANG_ENABLE_OBJC_ARC = YES;
				CLANG_WARN_BOOL_CONVERSION = YES;
				CLANG_WARN_CONSTANT_CONVERSION = YES;
				CLANG_WARN_DIRECT_OBJC_ISA_USAGE = YES_ERROR;
				CLANG_WARN_EMPTY_BODY = YES;
				CLANG_WARN_ENUM_CONVERSION = YES;
				CLANG_WARN_INT_CONVERSION = YES;
				CLANG_WARN_OBJC_ROOT_CLASS = YES_ERROR;
				CLANG_WARN_UNREACHABLE_CODE = YES;
				CLANG_WARN__DUPLICATE_METHOD_MATCH = YES;
				"CODE_SIGN_IDENTITY[sdk=iphoneos*]" = "iPhone Developer";
				COPY_PHASE_STRIP = YES;
				ENABLE_NS_ASSERTIONS = NO;
				ENABLE_STRICT_OBJC_MSGSEND = YES;
				GCC_C_LANGUAGE_STANDARD = gnu99;
				GCC_WARN_64_TO_32_BIT_CONVERSION = YES;
				GCC_WARN_ABOUT_RETURN_TYPE = YES_ERROR;
				GCC_WARN_UNDECLARED_SELECTOR = YES;
				GCC_WARN_UNINITIALIZED_AUTOS = YES_AGGRESSIVE;
				GCC_WARN_UNUSED_FUNCTION = YES;
				GCC_WARN_UNUSED_VARIABLE = YES;
				IPHONEOS_DEPLOYMENT_TARGET = 8.1;
				MTL_ENABLE_DEBUG_INFO = NO;
				SDKROOT = iphoneos;
				VALIDATE_PRODUCT = YES;
			};
			name = Release;
		};
		9C9BE6D419F93B38009EEDFA /* Debug */ = {
			isa = XCBuildConfiguration;
			buildSettings = {
				ASSETCATALOG_COMPILER_APPICON_NAME = AppIcon;
				INFOPLIST_FILE = kiraSewaRumah/Info.plist;
				LD_RUNPATH_SEARCH_PATHS = "$(inherited) @executable_path/Frameworks";
				PRODUCT_NAME = "$(TARGET_NAME)";
			};
			name = Debug;
		};
		9C9BE6D519F93B38009EEDFA /* Release */ = {
			isa = XCBuildConfiguration;
			buildSettings = {
				ASSETCATALOG_COMPILER_APPICON_NAME = AppIcon;
				INFOPLIST_FILE = kiraSewaRumah/Info.plist;
				LD_RUNPATH_SEARCH_PATHS = "$(inherited) @executable_path/Frameworks";
				PRODUCT_NAME = "$(TARGET_NAME)";
			};
			name = Release;
		};
		9C9BE6D719F93B38009EEDFA /* Debug */ = {
			isa = XCBuildConfiguration;
			buildSettings = {
				BUNDLE_LOADER = "$(TEST_HOST)";
				FRAMEWORK_SEARCH_PATHS = (
					"$(SDKROOT)/Developer/Library/Frameworks",
					"$(inherited)",
				);
				GCC_PREPROCESSOR_DEFINITIONS = (
					"DEBUG=1",
					"$(inherited)",
				);
				INFOPLIST_FILE = kiraSewaRumahTests/Info.plist;
				LD_RUNPATH_SEARCH_PATHS = "$(inherited) @executable_path/Frameworks @loader_path/Frameworks";
				PRODUCT_NAME = "$(TARGET_NAME)";
				TEST_HOST = "$(BUILT_PRODUCTS_DIR)/kiraSewaRumah.app/kiraSewaRumah";
			};
			name = Debug;
		};
		9C9BE6D819F93B38009EEDFA /* Release */ = {
			isa = XCBuildConfiguration;
			buildSettings = {
				BUNDLE_LOADER = "$(TEST_HOST)";
				FRAMEWORK_SEARCH_PATHS = (
					"$(SDKROOT)/Developer/Library/Frameworks",
					"$(inherited)",
				);
				INFOPLIST_FILE = kiraSewaRumahTests/Info.plist;
				LD_RUNPATH_SEARCH_PATHS = "$(inherited) @executable_path/Frameworks @loader_path/Frameworks";
				PRODUCT_NAME = "$(TARGET_NAME)";
				TEST_HOST = "$(BUILT_PRODUCTS_DIR)/kiraSewaRumah.app/kiraSewaRumah";
			};
			name = Release;
		};
/* End XCBuildConfiguration section */

/* Begin XCConfigurationList section */
		9C9BE6AF19F93B38009EEDFA /* Build configuration list for PBXProject "kiraSewaRumah" */ = {
			isa = XCConfigurationList;
			buildConfigurations = (
				9C9BE6D119F93B38009EEDFA /* Debug */,
				9C9BE6D219F93B38009EEDFA /* Release */,
			);
			defaultConfigurationIsVisible = 0;
			defaultConfigurationName = Release;
		};
		9C9BE6D319F93B38009EEDFA /* Build configuration list for PBXNativeTarget "kiraSewaRumah" */ = {
			isa = XCConfigurationList;
			buildConfigurations = (
				9C9BE6D419F93B38009EEDFA /* Debug */,
				9C9BE6D519F93B38009EEDFA /* Release */,
			);
			defaultConfigurationIsVisible = 0;
		};
		9C9BE6D619F93B38009EEDFA /* Build configuration list for PBXNativeTarget "kiraSewaRumahTests" */ = {
			isa = XCConfigurationList;
			buildConfigurations = (
				9C9BE6D719F93B38009EEDFA /* Debug */,
				9C9BE6D819F93B38009EEDFA /* Release */,
			);
			defaultConfigurationIsVisible = 0;
		};
/* End XCConfigurationList section */
	};
	rootObject = 9C9BE6AC19F93B38009EEDFA /* Project object */;
}
